
Microsoft Visual Studio Solution File, Format Version 12.00
# Visual Studio Version 17
VisualStudioVersion = 17.0.31903.59
MinimumVisualStudioVersion = 10.0.40219.1
Project("{FAE04EC0-301F-11D3-BF4B-00C04F79EFBC}") = "POS.Domain", "POS.Domain\POS.Domain.csproj", "{B6292FBA-BCF7-4D16-ACE6-539804527357}"
EndProject
Project("{FAE04EC0-301F-11D3-BF4B-00C04F79EFBC}") = "POS.Application", "POS.Application\POS.Application.csproj", "{7A382450-0A80-419A-A496-69C2FFC1BB87}"
EndProject
Project("{FAE04EC0-301F-11D3-BF4B-00C04F79EFBC}") = "POS.Api", "POS.Api\POS.Api.csproj", "{81247C69-09A8-46FF-91FC-B871CDECCD6E}"
EndProject
Project("{2150E333-8FDC-42A3-9474-1A3956D46DE8}") = "src", "src", "{F352988E-AAF7-4E21-8C19-0F3D433E1D8C}"
EndProject
Project("{FAE04EC0-301F-11D3-BF4B-00C04F79EFBC}") = "POS.Utilities", "POS.Utilities\POS.Utilities.csproj", "{FD2CF2F2-82AB-47FF-8353-D5C1DD3F3B18}"
EndProject
Project("{FAE04EC0-301F-11D3-BF4B-00C04F79EFBC}") = "POS.Infrastructure", "POS.Infrastructure\POS.Infrastructure.csproj", "{A1DE1777-CE30-4DFE-B7D3-968C1757913A}"
EndProject
Project("{2150E333-8FDC-42A3-9474-1A3956D46DE8}") = "test", "test", "{552B0CF2-DBEA-4781-81A0-94E44FFE76E5}"
EndProject
Project("{FAE04EC0-301F-11D3-BF4B-00C04F79EFBC}") = "POS.Test", "POS.Test\POS.Test.csproj", "{EC48C9A7-18E7-43B7-9604-28BE8BD55D17}"
EndProject
Global
	GlobalSection(SolutionConfigurationPlatforms) = preSolution
		Debug|Any CPU = Debug|Any CPU
		Release|Any CPU = Release|Any CPU
	EndGlobalSection
	GlobalSection(SolutionProperties) = preSolution
		HideSolutionNode = FALSE
	EndGlobalSection
	GlobalSection(ProjectConfigurationPlatforms) = postSolution
		{B6292FBA-BCF7-4D16-ACE6-539804527357}.Debug|Any CPU.ActiveCfg = Debug|Any CPU
		{B6292FBA-BCF7-4D16-ACE6-539804527357}.Debug|Any CPU.Build.0 = Debug|Any CPU
		{B6292FBA-BCF7-4D16-ACE6-539804527357}.Release|Any CPU.ActiveCfg = Release|Any CPU
		{B6292FBA-BCF7-4D16-ACE6-539804527357}.Release|Any CPU.Build.0 = Release|Any CPU
		{7A382450-0A80-419A-A496-69C2FFC1BB87}.Debug|Any CPU.ActiveCfg = Debug|Any CPU
		{7A382450-0A80-419A-A496-69C2FFC1BB87}.Debug|Any CPU.Build.0 = Debug|Any CPU
		{7A382450-0A80-419A-A496-69C2FFC1BB87}.Release|Any CPU.ActiveCfg = Release|Any CPU
		{7A382450-0A80-419A-A496-69C2FFC1BB87}.Release|Any CPU.Build.0 = Release|Any CPU
		{81247C69-09A8-46FF-91FC-B871CDECCD6E}.Debug|Any CPU.ActiveCfg = Debug|Any CPU
		{81247C69-09A8-46FF-91FC-B871CDECCD6E}.Debug|Any CPU.Build.0 = Debug|Any CPU
		{81247C69-09A8-46FF-91FC-B871CDECCD6E}.Release|Any CPU.ActiveCfg = Release|Any CPU
		{81247C69-09A8-46FF-91FC-B871CDECCD6E}.Release|Any CPU.Build.0 = Release|Any CPU
		{FD2CF2F2-82AB-47FF-8353-D5C1DD3F3B18}.Debug|Any CPU.ActiveCfg = Debug|Any CPU
		{FD2CF2F2-82AB-47FF-8353-D5C1DD3F3B18}.Debug|Any CPU.Build.0 = Debug|Any CPU
		{FD2CF2F2-82AB-47FF-8353-D5C1DD3F3B18}.Release|Any CPU.ActiveCfg = Release|Any CPU
		{FD2CF2F2-82AB-47FF-8353-D5C1DD3F3B18}.Release|Any CPU.Build.0 = Release|Any CPU
		{A1DE1777-CE30-4DFE-B7D3-968C1757913A}.Debug|Any CPU.ActiveCfg = Debug|Any CPU
		{A1DE1777-CE30-4DFE-B7D3-968C1757913A}.Debug|Any CPU.Build.0 = Debug|Any CPU
		{A1DE1777-CE30-4DFE-B7D3-968C1757913A}.Release|Any CPU.ActiveCfg = Release|Any CPU
		{A1DE1777-CE30-4DFE-B7D3-968C1757913A}.Release|Any CPU.Build.0 = Release|Any CPU
		{EC48C9A7-18E7-43B7-9604-28BE8BD55D17}.Debug|Any CPU.ActiveCfg = Debug|Any CPU
		{EC48C9A7-18E7-43B7-9604-28BE8BD55D17}.Debug|Any CPU.Build.0 = Debug|Any CPU
		{EC48C9A7-18E7-43B7-9604-28BE8BD55D17}.Release|Any CPU.ActiveCfg = Release|Any CPU
		{EC48C9A7-18E7-43B7-9604-28BE8BD55D17}.Release|Any CPU.Build.0 = Release|Any CPU
	EndGlobalSection
	GlobalSection(NestedProjects) = preSolution
		{81247C69-09A8-46FF-91FC-B871CDECCD6E} = {F352988E-AAF7-4E21-8C19-0F3D433E1D8C}
		{7A382450-0A80-419A-A496-69C2FFC1BB87} = {F352988E-AAF7-4E21-8C19-0F3D433E1D8C}
		{B6292FBA-BCF7-4D16-ACE6-539804527357} = {F352988E-AAF7-4E21-8C19-0F3D433E1D8C}
		{FD2CF2F2-82AB-47FF-8353-D5C1DD3F3B18} = {F352988E-AAF7-4E21-8C19-0F3D433E1D8C}
		{A1DE1777-CE30-4DFE-B7D3-968C1757913A} = {F352988E-AAF7-4E21-8C19-0F3D433E1D8C}
		{EC48C9A7-18E7-43B7-9604-28BE8BD55D17} = {552B0CF2-DBEA-4781-81A0-94E44FFE76E5}
	EndGlobalSection
EndGlobal
